
Microsoft Visual Studio Solution File, Format Version 12.00
# Visual Studio 2013
VisualStudioVersion = 12.0.31101.0
MinimumVisualStudioVersion = 10.0.40219.1
Project("{2150E333-8FDC-42A3-9474-1A3956D46DE8}") = "公共类库", "公共类库", "{9FC78760-662D-40AF-AA20-C7D174FF300F}"
EndProject
Project("{2150E333-8FDC-42A3-9474-1A3956D46DE8}") = "Domain", "Domain", "{245E6DB7-6E98-4853-98CB-14AD13D65C03}"
EndProject
Project("{2150E333-8FDC-42A3-9474-1A3956D46DE8}") = "Repository", "Repository", "{00B78C5A-3E83-449C-B358-32AE626A6C6B}"
EndProject
Project("{2150E333-8FDC-42A3-9474-1A3956D46DE8}") = "Application(应用层)", "Application(应用层)", "{AB9A9A74-1A3C-4A90-97EA-674B6DF1BB48}"
EndProject
Project("{2150E333-8FDC-42A3-9474-1A3956D46DE8}") = "Presentation(Ui层)", "Presentation(Ui层)", "{C8C6A338-AB99-43BA-BA90-5B0277DE0A2D}"
EndProject
Project("{FAE04EC0-301F-11D3-BF4B-00C04F79EFBC}") = "Utils", "Utils\Utils.csproj", "{A56B12FC-C544-40D9-A892-B43861368F50}"
EndProject
Project("{FAE04EC0-301F-11D3-BF4B-00C04F79EFBC}") = "Utils.Office", "Utils.Office\Utils.Office.csproj", "{55720D5B-D4D2-44AF-A472-B95B4D359F74}"
EndProject
Project("{FAE04EC0-301F-11D3-BF4B-00C04F79EFBC}") = "Auth.Sample.Domain", "Auth.Sample.Domain\Auth.Sample.Domain.csproj", "{B8A602BC-61CE-4837-A321-9C65CE9D3AD6}"
EndProject
Project("{FAE04EC0-301F-11D3-BF4B-00C04F79EFBC}") = "Auth.Sample.Repository", "Auth.Sample.Repository\Auth.Sample.Repository.csproj", "{B7F18CC0-8F08-4FCF-8CD6-9395C5A7B900}"
EndProject
Project("{2150E333-8FDC-42A3-9474-1A3956D46DE8}") = "Test", "Test", "{651D2F63-A9F7-42C8-B257-51062CA005A5}"
EndProject
Project("{FAE04EC0-301F-11D3-BF4B-00C04F79EFBC}") = "Auth.Sample.Test", "Auth.Sample.Test\Auth.Sample.Test.csproj", "{7F93B8DE-CCAC-4A8B-87F6-1D7CF2F7523F}"
EndProject
Project("{FAE04EC0-301F-11D3-BF4B-00C04F79EFBC}") = "Auth.Sample.Ui", "Auth.Sample.Ui\Auth.Sample.Ui.csproj", "{15841946-B56C-4840-A76D-DFB109FF8D2A}"
EndProject
Project("{FAE04EC0-301F-11D3-BF4B-00C04F79EFBC}") = "Auth.Sample.Application", "Auth.Sample.Application\Auth.Sample.Application.csproj", "{6C391F07-139B-4D8C-A212-9683757B291D}"
EndProject
Project("{FAE04EC0-301F-11D3-BF4B-00C04F79EFBC}") = "Auth.Sample.Infrastructure", "Auth.Sample.Infrastructure\Auth.Sample.Infrastructure.csproj", "{F942FBE7-03B8-4FB1-8A3D-72D35E8FD2C7}"
EndProject
Project("{FAE04EC0-301F-11D3-BF4B-00C04F79EFBC}") = "Auth.Sample.Domain.Dto", "Auth.Sample.Domain.Dto\Auth.Sample.Domain.Dto.csproj", "{8615201F-9BB3-4F1C-9EE3-B18E61400A1A}"
EndProject
Project("{FAE04EC0-301F-11D3-BF4B-00C04F79EFBC}") = "Auth.Sample.Cache", "Auth.Sample.Cache\Auth.Sample.Cache.csproj", "{859378CC-AE64-4AA7-A104-1108F222C346}"
EndProject
Global
	GlobalSection(SolutionConfigurationPlatforms) = preSolution
		Debug|Any CPU = Debug|Any CPU
		Debug|x64 = Debug|x64
		Release|Any CPU = Release|Any CPU
		Release|x64 = Release|x64
	EndGlobalSection
	GlobalSection(ProjectConfigurationPlatforms) = postSolution
		{A56B12FC-C544-40D9-A892-B43861368F50}.Debug|Any CPU.ActiveCfg = Debug|Any CPU
		{A56B12FC-C544-40D9-A892-B43861368F50}.Debug|Any CPU.Build.0 = Debug|Any CPU
		{A56B12FC-C544-40D9-A892-B43861368F50}.Debug|x64.ActiveCfg = Debug|x64
		{A56B12FC-C544-40D9-A892-B43861368F50}.Debug|x64.Build.0 = Debug|x64
		{A56B12FC-C544-40D9-A892-B43861368F50}.Release|Any CPU.ActiveCfg = Release|Any CPU
		{A56B12FC-C544-40D9-A892-B43861368F50}.Release|Any CPU.Build.0 = Release|Any CPU
		{A56B12FC-C544-40D9-A892-B43861368F50}.Release|x64.ActiveCfg = Release|x64
		{A56B12FC-C544-40D9-A892-B43861368F50}.Release|x64.Build.0 = Release|x64
		{55720D5B-D4D2-44AF-A472-B95B4D359F74}.Debug|Any CPU.ActiveCfg = Debug|Any CPU
		{55720D5B-D4D2-44AF-A472-B95B4D359F74}.Debug|Any CPU.Build.0 = Debug|Any CPU
		{55720D5B-D4D2-44AF-A472-B95B4D359F74}.Debug|x64.ActiveCfg = Debug|x64
		{55720D5B-D4D2-44AF-A472-B95B4D359F74}.Debug|x64.Build.0 = Debug|x64
		{55720D5B-D4D2-44AF-A472-B95B4D359F74}.Release|Any CPU.ActiveCfg = Release|Any CPU
		{55720D5B-D4D2-44AF-A472-B95B4D359F74}.Release|Any CPU.Build.0 = Release|Any CPU
		{55720D5B-D4D2-44AF-A472-B95B4D359F74}.Release|x64.ActiveCfg = Release|x64
		{55720D5B-D4D2-44AF-A472-B95B4D359F74}.Release|x64.Build.0 = Release|x64
		{B8A602BC-61CE-4837-A321-9C65CE9D3AD6}.Debug|Any CPU.ActiveCfg = Debug|Any CPU
		{B8A602BC-61CE-4837-A321-9C65CE9D3AD6}.Debug|Any CPU.Build.0 = Debug|Any CPU
		{B8A602BC-61CE-4837-A321-9C65CE9D3AD6}.Debug|x64.ActiveCfg = Debug|x64
		{B8A602BC-61CE-4837-A321-9C65CE9D3AD6}.Debug|x64.Build.0 = Debug|x64
		{B8A602BC-61CE-4837-A321-9C65CE9D3AD6}.Release|Any CPU.ActiveCfg = Release|Any CPU
		{B8A602BC-61CE-4837-A321-9C65CE9D3AD6}.Release|Any CPU.Build.0 = Release|Any CPU
		{B8A602BC-61CE-4837-A321-9C65CE9D3AD6}.Release|x64.ActiveCfg = Release|x64
		{B8A602BC-61CE-4837-A321-9C65CE9D3AD6}.Release|x64.Build.0 = Release|x64
		{B7F18CC0-8F08-4FCF-8CD6-9395C5A7B900}.Debug|Any CPU.ActiveCfg = Debug|Any CPU
		{B7F18CC0-8F08-4FCF-8CD6-9395C5A7B900}.Debug|Any CPU.Build.0 = Debug|Any CPU
		{B7F18CC0-8F08-4FCF-8CD6-9395C5A7B900}.Debug|x64.ActiveCfg = Debug|x64
		{B7F18CC0-8F08-4FCF-8CD6-9395C5A7B900}.Debug|x64.Build.0 = Debug|x64
		{B7F18CC0-8F08-4FCF-8CD6-9395C5A7B900}.Release|Any CPU.ActiveCfg = Release|Any CPU
		{B7F18CC0-8F08-4FCF-8CD6-9395C5A7B900}.Release|Any CPU.Build.0 = Release|Any CPU
		{B7F18CC0-8F08-4FCF-8CD6-9395C5A7B900}.Release|x64.ActiveCfg = Release|x64
		{B7F18CC0-8F08-4FCF-8CD6-9395C5A7B900}.Release|x64.Build.0 = Release|x64
		{7F93B8DE-CCAC-4A8B-87F6-1D7CF2F7523F}.Debug|Any CPU.ActiveCfg = Debug|Any CPU
		{7F93B8DE-CCAC-4A8B-87F6-1D7CF2F7523F}.Debug|Any CPU.Build.0 = Debug|Any CPU
		{7F93B8DE-CCAC-4A8B-87F6-1D7CF2F7523F}.Debug|x64.ActiveCfg = Debug|x64
		{7F93B8DE-CCAC-4A8B-87F6-1D7CF2F7523F}.Debug|x64.Build.0 = Debug|x64
		{7F93B8DE-CCAC-4A8B-87F6-1D7CF2F7523F}.Release|Any CPU.ActiveCfg = Release|Any CPU
		{7F93B8DE-CCAC-4A8B-87F6-1D7CF2F7523F}.Release|Any CPU.Build.0 = Release|Any CPU
		{7F93B8DE-CCAC-4A8B-87F6-1D7CF2F7523F}.Release|x64.ActiveCfg = Release|x64
		{7F93B8DE-CCAC-4A8B-87F6-1D7CF2F7523F}.Release|x64.Build.0 = Release|x64
		{15841946-B56C-4840-A76D-DFB109FF8D2A}.Debug|Any CPU.ActiveCfg = Debug|Any CPU
		{15841946-B56C-4840-A76D-DFB109FF8D2A}.Debug|Any CPU.Build.0 = Debug|Any CPU
		{15841946-B56C-4840-A76D-DFB109FF8D2A}.Debug|x64.ActiveCfg = Debug|x64
		{15841946-B56C-4840-A76D-DFB109FF8D2A}.Debug|x64.Build.0 = Debug|x64
		{15841946-B56C-4840-A76D-DFB109FF8D2A}.Release|Any CPU.ActiveCfg = Release|Any CPU
		{15841946-B56C-4840-A76D-DFB109FF8D2A}.Release|Any CPU.Build.0 = Release|Any CPU
		{15841946-B56C-4840-A76D-DFB109FF8D2A}.Release|x64.ActiveCfg = Release|x64
		{15841946-B56C-4840-A76D-DFB109FF8D2A}.Release|x64.Build.0 = Release|x64
		{6C391F07-139B-4D8C-A212-9683757B291D}.Debug|Any CPU.ActiveCfg = Debug|Any CPU
		{6C391F07-139B-4D8C-A212-9683757B291D}.Debug|Any CPU.Build.0 = Debug|Any CPU
		{6C391F07-139B-4D8C-A212-9683757B291D}.Debug|x64.ActiveCfg = Debug|Any CPU
		{6C391F07-139B-4D8C-A212-9683757B291D}.Release|Any CPU.ActiveCfg = Release|Any CPU
		{6C391F07-139B-4D8C-A212-9683757B291D}.Release|Any CPU.Build.0 = Release|Any CPU
		{6C391F07-139B-4D8C-A212-9683757B291D}.Release|x64.ActiveCfg = Release|Any CPU
		{F942FBE7-03B8-4FB1-8A3D-72D35E8FD2C7}.Debug|Any CPU.ActiveCfg = Debug|Any CPU
		{F942FBE7-03B8-4FB1-8A3D-72D35E8FD2C7}.Debug|Any CPU.Build.0 = Debug|Any CPU
		{F942FBE7-03B8-4FB1-8A3D-72D35E8FD2C7}.Debug|x64.ActiveCfg = Debug|Any CPU
		{F942FBE7-03B8-4FB1-8A3D-72D35E8FD2C7}.Release|Any CPU.ActiveCfg = Release|Any CPU
		{F942FBE7-03B8-4FB1-8A3D-72D35E8FD2C7}.Release|Any CPU.Build.0 = Release|Any CPU
		{F942FBE7-03B8-4FB1-8A3D-72D35E8FD2C7}.Release|x64.ActiveCfg = Release|Any CPU
		{8615201F-9BB3-4F1C-9EE3-B18E61400A1A}.Debug|Any CPU.ActiveCfg = Debug|Any CPU
		{8615201F-9BB3-4F1C-9EE3-B18E61400A1A}.Debug|Any CPU.Build.0 = Debug|Any CPU
		{8615201F-9BB3-4F1C-9EE3-B18E61400A1A}.Debug|x64.ActiveCfg = Debug|Any CPU
		{8615201F-9BB3-4F1C-9EE3-B18E61400A1A}.Release|Any CPU.ActiveCfg = Release|Any CPU
		{8615201F-9BB3-4F1C-9EE3-B18E61400A1A}.Release|Any CPU.Build.0 = Release|Any CPU
		{8615201F-9BB3-4F1C-9EE3-B18E61400A1A}.Release|x64.ActiveCfg = Release|Any CPU
		{859378CC-AE64-4AA7-A104-1108F222C346}.Debug|Any CPU.ActiveCfg = Debug|Any CPU
		{859378CC-AE64-4AA7-A104-1108F222C346}.Debug|Any CPU.Build.0 = Debug|Any CPU
		{859378CC-AE64-4AA7-A104-1108F222C346}.Debug|x64.ActiveCfg = Debug|Any CPU
		{859378CC-AE64-4AA7-A104-1108F222C346}.Release|Any CPU.ActiveCfg = Release|Any CPU
		{859378CC-AE64-4AA7-A104-1108F222C346}.Release|Any CPU.Build.0 = Release|Any CPU
		{859378CC-AE64-4AA7-A104-1108F222C346}.Release|x64.ActiveCfg = Release|Any CPU
	EndGlobalSection
	GlobalSection(SolutionProperties) = preSolution
		HideSolutionNode = FALSE
	EndGlobalSection
	GlobalSection(NestedProjects) = preSolution
		{A56B12FC-C544-40D9-A892-B43861368F50} = {9FC78760-662D-40AF-AA20-C7D174FF300F}
		{55720D5B-D4D2-44AF-A472-B95B4D359F74} = {9FC78760-662D-40AF-AA20-C7D174FF300F}
		{B8A602BC-61CE-4837-A321-9C65CE9D3AD6} = {245E6DB7-6E98-4853-98CB-14AD13D65C03}
		{B7F18CC0-8F08-4FCF-8CD6-9395C5A7B900} = {00B78C5A-3E83-449C-B358-32AE626A6C6B}
		{7F93B8DE-CCAC-4A8B-87F6-1D7CF2F7523F} = {651D2F63-A9F7-42C8-B257-51062CA005A5}
		{15841946-B56C-4840-A76D-DFB109FF8D2A} = {C8C6A338-AB99-43BA-BA90-5B0277DE0A2D}
		{6C391F07-139B-4D8C-A212-9683757B291D} = {AB9A9A74-1A3C-4A90-97EA-674B6DF1BB48}
		{F942FBE7-03B8-4FB1-8A3D-72D35E8FD2C7} = {9FC78760-662D-40AF-AA20-C7D174FF300F}
		{8615201F-9BB3-4F1C-9EE3-B18E61400A1A} = {245E6DB7-6E98-4853-98CB-14AD13D65C03}
		{859378CC-AE64-4AA7-A104-1108F222C346} = {9FC78760-662D-40AF-AA20-C7D174FF300F}
	EndGlobalSection
EndGlobal
